
Microsoft Visual Studio Solution File, Format Version 12.00
Project("{FAE04EC0-301F-11D3-BF4B-00C04F79EFBC}") = "RSIDiffBot", "RSIDiffBot\RSIDiffBot.csproj", "{81EBE971-917E-4BEC-800C-8D7537586472}"
EndProject
Global
	GlobalSection(SolutionConfigurationPlatforms) = preSolution
		Debug|Any CPU = Debug|Any CPU
		Release|Any CPU = Release|Any CPU
	EndGlobalSection
	GlobalSection(ProjectConfigurationPlatforms) = postSolution
		{81EBE971-917E-4BEC-800C-8D7537586472}.Debug|Any CPU.ActiveCfg = Debug|Any CPU
		{81EBE971-917E-4BEC-800C-8D7537586472}.Debug|Any CPU.Build.0 = Debug|Any CPU
		{81EBE971-917E-4BEC-800C-8D7537586472}.Release|Any CPU.ActiveCfg = Release|Any CPU
		{81EBE971-917E-4BEC-800C-8D7537586472}.Release|Any CPU.Build.0 = Release|Any CPU
	EndGlobalSection
EndGlobal
